Microsoft Visual Studio Solution File, Format Version 11.00
# Visual Studio 2008

Project("{FDE90140-1E56-8128-18C3-578A88C44954}") = "Leapulous2", "Assembly-CSharp-firstpass-vs.csproj", "{5B298B53-872A-D942-C794-9756A9AB6D86}"
EndProject
Project("{FDE90140-1E56-8128-18C3-578A88C44954}") = "Leapulous2", "Assembly-CSharp-vs.csproj", "{3C488069-CD1F-AC35-F881-60116EE8D53C}"
EndProject
Project("{FDE90140-1E56-8128-18C3-578A88C44954}") = "Leapulous2", "Assembly-CSharp-Editor-vs.csproj", "{314F83EC-9714-769D-C246-7BC9C15B5010}"
EndProject
Global
	GlobalSection(SolutionConfigurationPlatforms) = preSolution
		Debug|Any CPU = Debug|Any CPU
		Release|Any CPU = Release|Any CPU
	EndGlobalSection
	GlobalSection(ProjectConfigurationPlatforms) = postSolution
		{5B298B53-872A-D942-C794-9756A9AB6D86}.Debug|Any CPU.ActiveCfg = Debug|Any CPU
		{5B298B53-872A-D942-C794-9756A9AB6D86}.Debug|Any CPU.Build.0 = Debug|Any CPU
		{5B298B53-872A-D942-C794-9756A9AB6D86}.Release|Any CPU.ActiveCfg = Release|Any CPU
		{5B298B53-872A-D942-C794-9756A9AB6D86}.Release|Any CPU.Build.0 = Release|Any CPU
		{3C488069-CD1F-AC35-F881-60116EE8D53C}.Debug|Any CPU.ActiveCfg = Debug|Any CPU
		{3C488069-CD1F-AC35-F881-60116EE8D53C}.Debug|Any CPU.Build.0 = Debug|Any CPU
		{3C488069-CD1F-AC35-F881-60116EE8D53C}.Release|Any CPU.ActiveCfg = Release|Any CPU
		{3C488069-CD1F-AC35-F881-60116EE8D53C}.Release|Any CPU.Build.0 = Release|Any CPU
		{314F83EC-9714-769D-C246-7BC9C15B5010}.Debug|Any CPU.ActiveCfg = Debug|Any CPU
		{314F83EC-9714-769D-C246-7BC9C15B5010}.Debug|Any CPU.Build.0 = Debug|Any CPU
		{314F83EC-9714-769D-C246-7BC9C15B5010}.Release|Any CPU.ActiveCfg = Release|Any CPU
		{314F83EC-9714-769D-C246-7BC9C15B5010}.Release|Any CPU.Build.0 = Release|Any CPU
	EndGlobalSection
	GlobalSection(SolutionProperties) = preSolution
		HideSolutionNode = FALSE
	EndGlobalSection
																																																GlobalSection(MonoDevelopProperties) = preSolution
		StartupItem = Assembly-CSharp.csproj
		Policies = $0
		$0.TextStylePolicy = $1
		$1.inheritsSet = null
		$1.scope = text/x-csharp
		$0.CSharpFormattingPolicy = $2
		$2.inheritsSet = Mono
		$2.inheritsScope = text/x-csharp
		$2.scope = text/x-csharp
		$0.TextStylePolicy = $3
		$3.FileWidth = 120
		$3.TabWidth = 4
		$3.EolMarker = Unix
		$3.inheritsSet = Mono
		$3.inheritsScope = text/plain
		$3.scope = text/plain
	EndGlobalSection

EndGlobal
